
Microsoft Visual Studio Solution File, Format Version 11.00
# Visual Studio 2010
# SharpDevelop 4.4
Project("{FAE04EC0-301F-11D3-BF4B-00C04F79EFBC}") = "MP1_TP1", "MP1_TP1\MP1_TP1.csproj", "{6B6E6513-8C40-463E-A61A-588E386A99ED}"
EndProject
Global
	GlobalSection(SolutionConfigurationPlatforms) = preSolution
		Debug|Any CPU = Debug|Any CPU
		Release|Any CPU = Release|Any CPU
	EndGlobalSection
	GlobalSection(ProjectConfigurationPlatforms) = postSolution
		{6B6E6513-8C40-463E-A61A-588E386A99ED}.Debug|Any CPU.Build.0 = Debug|Any CPU
		{6B6E6513-8C40-463E-A61A-588E386A99ED}.Debug|Any CPU.ActiveCfg = Debug|Any CPU
		{6B6E6513-8C40-463E-A61A-588E386A99ED}.Release|Any CPU.Build.0 = Release|Any CPU
		{6B6E6513-8C40-463E-A61A-588E386A99ED}.Release|Any CPU.ActiveCfg = Release|Any CPU
	EndGlobalSection
EndGlobal
